
Microsoft Visual Studio Solution File, Format Version 12.00
# Visual Studio 14
VisualStudioVersion = 14.0.25420.1
MinimumVisualStudioVersion = 10.0.40219.1
Project("{E24C65DC-7377-472B-9ABA-BC803B73C61A}") = "Website", "Website\", "{D16BB55C-4553-4273-8445-035540D55A1F}"
	ProjectSection(WebsiteProperties) = preProject
		TargetFrameworkMoniker = ".NETFramework,Version%3Dv4.5.2"
		ProjectReferences = "{f93bab94-f203-4ccd-b8a1-841eeac1a211}|MSS.System.dll;{B68CB9C1-DC79-40E6-9599-C37426428ECE}|MSS.Data.dll;"
		Debug.AspNetCompiler.VirtualPath = "/localhost_49846"
		Debug.AspNetCompiler.PhysicalPath = "Website\"
		Debug.AspNetCompiler.TargetPath = "PrecompiledWeb\localhost_49846\"
		Debug.AspNetCompiler.Updateable = "true"
		Debug.AspNetCompiler.ForceOverwrite = "true"
		Debug.AspNetCompiler.FixedNames = "false"
		Debug.AspNetCompiler.Debug = "True"
		Release.AspNetCompiler.VirtualPath = "/localhost_49846"
		Release.AspNetCompiler.PhysicalPath = "Website\"
		Release.AspNetCompiler.TargetPath = "PrecompiledWeb\localhost_49846\"
		Release.AspNetCompiler.Updateable = "true"
		Release.AspNetCompiler.ForceOverwrite = "true"
		Release.AspNetCompiler.FixedNames = "false"
		Release.AspNetCompiler.Debug = "False"
		VWDPort = "49846"
		SlnRelativePath = "Website\"
		DefaultWebSiteLanguage = "Visual C#"
	EndProjectSection
EndProject
Project("{FAE04EC0-301F-11D3-BF4B-00C04F79EFBC}") = "MSS.Data", "MSS.Data\MSS.Data.csproj", "{B68CB9C1-DC79-40E6-9599-C37426428ECE}"
EndProject
Project("{FAE04EC0-301F-11D3-BF4B-00C04F79EFBC}") = "MSS.System", "MSS.System\MSS.System.csproj", "{F93BAB94-F203-4CCD-B8A1-841EEAC1A211}"
EndProject
Global
	GlobalSection(SolutionConfigurationPlatforms) = preSolution
		Debug|Any CPU = Debug|Any CPU
		Release|Any CPU = Release|Any CPU
	EndGlobalSection
	GlobalSection(ProjectConfigurationPlatforms) = postSolution
		{D16BB55C-4553-4273-8445-035540D55A1F}.Debug|Any CPU.ActiveCfg = Debug|Any CPU
		{D16BB55C-4553-4273-8445-035540D55A1F}.Debug|Any CPU.Build.0 = Debug|Any CPU
		{D16BB55C-4553-4273-8445-035540D55A1F}.Release|Any CPU.ActiveCfg = Debug|Any CPU
		{D16BB55C-4553-4273-8445-035540D55A1F}.Release|Any CPU.Build.0 = Debug|Any CPU
		{B68CB9C1-DC79-40E6-9599-C37426428ECE}.Debug|Any CPU.ActiveCfg = Debug|Any CPU
		{B68CB9C1-DC79-40E6-9599-C37426428ECE}.Debug|Any CPU.Build.0 = Debug|Any CPU
		{B68CB9C1-DC79-40E6-9599-C37426428ECE}.Release|Any CPU.ActiveCfg = Release|Any CPU
		{B68CB9C1-DC79-40E6-9599-C37426428ECE}.Release|Any CPU.Build.0 = Release|Any CPU
		{F93BAB94-F203-4CCD-B8A1-841EEAC1A211}.Debug|Any CPU.ActiveCfg = Debug|Any CPU
		{F93BAB94-F203-4CCD-B8A1-841EEAC1A211}.Debug|Any CPU.Build.0 = Debug|Any CPU
		{F93BAB94-F203-4CCD-B8A1-841EEAC1A211}.Release|Any CPU.ActiveCfg = Release|Any CPU
		{F93BAB94-F203-4CCD-B8A1-841EEAC1A211}.Release|Any CPU.Build.0 = Release|Any CPU
	EndGlobalSection
	GlobalSection(SolutionProperties) = preSolution
		HideSolutionNode = FALSE
	EndGlobalSection
EndGlobal
